
Microsoft Visual Studio Solution File, Format Version 12.00
# Visual Studio Version 17
VisualStudioVersion = 17.6.33801.468
MinimumVisualStudioVersion = 10.0.40219.1
Project("{FAE04EC0-301F-11D3-BF4B-00C04F79EFBC}") = "NguyenThiThuUyen_211203739", "NguyenThiThuUyen_211203739\NguyenThiThuUyen_211203739.csproj", "{A988AEC0-D398-4291-AF82-B469D49FE33E}"
EndProject
Global
	GlobalSection(SolutionConfigurationPlatforms) = preSolution
		Debug|Any CPU = Debug|Any CPU
		Release|Any CPU = Release|Any CPU
	EndGlobalSection
	GlobalSection(ProjectConfigurationPlatforms) = postSolution
		{A988AEC0-D398-4291-AF82-B469D49FE33E}.Debug|Any CPU.ActiveCfg = Debug|Any CPU
		{A988AEC0-D398-4291-AF82-B469D49FE33E}.Debug|Any CPU.Build.0 = Debug|Any CPU
		{A988AEC0-D398-4291-AF82-B469D49FE33E}.Release|Any CPU.ActiveCfg = Release|Any CPU
		{A988AEC0-D398-4291-AF82-B469D49FE33E}.Release|Any CPU.Build.0 = Release|Any CPU
	EndGlobalSection
	GlobalSection(SolutionProperties) = preSolution
		HideSolutionNode = FALSE
	EndGlobalSection
	GlobalSection(ExtensibilityGlobals) = postSolution
		SolutionGuid = {2EAEF538-1F08-4670-A8D9-928C66841693}
	EndGlobalSection
EndGlobal
